
Microsoft Visual Studio Solution File, Format Version 12.00
# Visual Studio 15
VisualStudioVersion = 15.0.27130.2027
MinimumVisualStudioVersion = 10.0.40219.1
Project("{FAE04EC0-301F-11D3-BF4B-00C04F79EFBC}") = "TwitchBot", "TwitchBot\TwitchBot.csproj", "{06A683F1-7828-48F9-B63C-0CA3C793032B}"
EndProject
Global
	GlobalSection(SolutionConfigurationPlatforms) = preSolution
		Debug|Any CPU = Debug|Any CPU
		Release|Any CPU = Release|Any CPU
	EndGlobalSection
	GlobalSection(ProjectConfigurationPlatforms) = postSolution
		{06A683F1-7828-48F9-B63C-0CA3C793032B}.Debug|Any CPU.ActiveCfg = Debug|Any CPU
		{06A683F1-7828-48F9-B63C-0CA3C793032B}.Debug|Any CPU.Build.0 = Debug|Any CPU
		{06A683F1-7828-48F9-B63C-0CA3C793032B}.Release|Any CPU.ActiveCfg = Release|Any CPU
		{06A683F1-7828-48F9-B63C-0CA3C793032B}.Release|Any CPU.Build.0 = Release|Any CPU
	EndGlobalSection
	GlobalSection(SolutionProperties) = preSolution
		HideSolutionNode = FALSE
	EndGlobalSection
	GlobalSection(ExtensibilityGlobals) = postSolution
		SolutionGuid = {E92699FE-1B68-4ADC-BD82-4D22FA78DC0B}
	EndGlobalSection
EndGlobal
